
Microsoft Visual Studio Solution File, Format Version 12.00
# Visual Studio Version 18
VisualStudioVersion = 18.3.11520.95 d18.3
MinimumVisualStudioVersion = 10.0.40219.1
Project("{9A19103F-16F7-4668-BE54-9A1E7A4F7556}") = "AxCrypt.Abstractions", "..\shared\AxCrypt.Abstractions\AxCrypt.Abstractions.csproj", "{B220D4E7-789F-4F55-9EAA-226CB662F0D6}"
EndProject
Project("{2150E333-8FDC-42A3-9474-1A3956D46DE8}") = "AxCrypt.Shared", "AxCrypt.Shared", "{8208E861-E45D-4F80-8BDD-7DF97043D61A}"
EndProject
Project("{9A19103F-16F7-4668-BE54-9A1E7A4F7556}") = "AxCrypt.Api", "..\shared\AxCrypt.Api\AxCrypt.Api.csproj", "{C76E3122-94EC-4156-9638-408B6B0C07AE}"
EndProject
Project("{9A19103F-16F7-4668-BE54-9A1E7A4F7556}") = "AxCrypt.Common", "..\shared\AxCrypt.Common\AxCrypt.Common.csproj", "{43696E80-DDBB-493A-8580-0EDC88307772}"
EndProject
Project("{9A19103F-16F7-4668-BE54-9A1E7A4F7556}") = "AxCrypt.Core", "..\shared\AxCrypt.Core\AxCrypt.Core.csproj", "{9A01D66E-5097-479A-ACD8-A5CC554F34E5}"
EndProject
Project("{9A19103F-16F7-4668-BE54-9A1E7A4F7556}") = "AxCrypt.Content", "..\shared\Axcrypt.Content\AxCrypt.Content.csproj", "{93061A42-5FC0-4F48-BABD-273F6E4AA9BF}"
EndProject
Project("{9A19103F-16F7-4668-BE54-9A1E7A4F7556}") = "AxCrypt.Cryptor", "..\shared\AxCrypt.Cryptor\AxCrypt.Cryptor.csproj", "{03CF3A11-33EB-40BD-8073-7FBE7CCD2C60}"
EndProject
Project("{9A19103F-16F7-4668-BE54-9A1E7A4F7556}") = "AxCrypt.Desktop", "..\shared\AxCrypt.Desktop\AxCrypt.Desktop.csproj", "{D0047C3A-F0AE-405E-B25C-ACA46A1DCE6B}"
EndProject
Project("{9A19103F-16F7-4668-BE54-9A1E7A4F7556}") = "AxCrypt.Mono", "..\shared\AxCrypt.Mono\AxCrypt.Mono.csproj", "{9B5AC078-E7AD-499D-950C-CEB3DEE0DD34}"
EndProject
Project("{9A19103F-16F7-4668-BE54-9A1E7A4F7556}") = "BouncyCastle.AxCrypt", "..\shared\BouncyCastle.AxCrypt\src\BouncyCastle.AxCrypt.csproj", "{FF54D4D8-16AA-497C-93A1-F213B4BAE679}"
EndProject
Project("{2150E333-8FDC-42A3-9474-1A3956D46DE8}") = "Tests", "Tests", "{FC72C69B-01ED-43E0-9202-D3A52B9CCEEF}"
EndProject
Project("{9A19103F-16F7-4668-BE54-9A1E7A4F7556}") = "AxCrypt.Api.Test", "..\tests\AxCrypt.Api.Test\AxCrypt.Api.Test.csproj", "{6BA0AC3E-3541-435A-9588-E308CA9A2CC4}"
EndProject
Project("{9A19103F-16F7-4668-BE54-9A1E7A4F7556}") = "AxCrypt.Common.Test", "..\tests\AxCrypt.Common.Test\AxCrypt.Common.Test.csproj", "{97568128-01D8-4520-B000-9DE9D6ED46E1}"
EndProject
Project("{9A19103F-16F7-4668-BE54-9A1E7A4F7556}") = "AxCrypt.Core.Test", "..\tests\AxCrypt.Core.Test\AxCrypt.Core.Test.csproj", "{349E31AA-A66A-4421-B343-37ABF1DB4DED}"
EndProject
Project("{9A19103F-16F7-4668-BE54-9A1E7A4F7556}") = "AxCrypt.Desktop.Test", "..\tests\AxCrypt.Desktop.Test\AxCrypt.Desktop.Test.csproj", "{EA14868C-4831-42F1-B94A-A165B2EE7779}"
EndProject
Project("{9A19103F-16F7-4668-BE54-9A1E7A4F7556}") = "AxCrypt.Fake", "..\tests\AxCrypt.Fake\AxCrypt.Fake.csproj", "{53C66DD2-F48E-4BE7-9869-0A5E14ADC3EC}"
EndProject
Project("{9A19103F-16F7-4668-BE54-9A1E7A4F7556}") = "AxCrypt.Mono.Test", "..\tests\AxCrypt.Mono.Test\AxCrypt.Mono.Test.csproj", "{5D5A8C9A-2081-4362-937C-695395D05152}"
EndProject
Project("{9A19103F-16F7-4668-BE54-9A1E7A4F7556}") = "AxCrypt.App.Shared", "AxCrypt.App.Shared\AxCrypt.App.Shared.csproj", "{D89D70BD-82B4-4126-AE3C-204CC2229F85}"
EndProject
Project("{9A19103F-16F7-4668-BE54-9A1E7A4F7556}") = "SolutionItems", "SolutionItems\SolutionItems.csproj", "{B0E35A71-4431-4BD0-AB54-DE90590641EC}"
EndProject
Project("{9A19103F-16F7-4668-BE54-9A1E7A4F7556}") = "AxCrypt.App.Shared.Desktop", "AxCrypt.App.Shared.Desktop\AxCrypt.App.Shared.Desktop.csproj", "{84D3C588-4193-413D-BEF1-44F2E6C7B3C0}"
EndProject
Project("{FAE04EC0-301F-11D3-BF4B-00C04F79EFBC}") = "AxCrypt.App.Entitlement", "AxCrypt.App.Entitlement\AxCrypt.App.Entitlement.csproj", "{27BFD577-71F3-41B5-842A-227682EAF175}"
EndProject
Project("{9A19103F-16F7-4668-BE54-9A1E7A4F7556}") = "AxCrypt.Cli", "AxCrypt.Cli\AxCrypt.Cli.csproj", "{7C1E43C5-3F1A-4B9E-9C2D-5A8F0E6D21B7}"
EndProject
Project("{9A19103F-16F7-4668-BE54-9A1E7A4F7556}") = "AxCrypt.Cli.Test", "..\tests\AxCrypt.Cli.Test\AxCrypt.Cli.Test.csproj", "{2B9D6F04-8E57-4C33-A1D2-93E4F7C5A6D8}"
EndProject
Global
	GlobalSection(SolutionConfigurationPlatforms) = preSolution
		Debug|Any CPU = Debug|Any CPU
		Release|Any CPU = Release|Any CPU
	EndGlobalSection
	GlobalSection(ProjectConfigurationPlatforms) = postSolution
		{7C1E43C5-3F1A-4B9E-9C2D-5A8F0E6D21B7}.Debug|Any CPU.ActiveCfg = Debug|Any CPU
		{7C1E43C5-3F1A-4B9E-9C2D-5A8F0E6D21B7}.Debug|Any CPU.Build.0 = Debug|Any CPU
		{7C1E43C5-3F1A-4B9E-9C2D-5A8F0E6D21B7}.Release|Any CPU.ActiveCfg = Release|Any CPU
		{7C1E43C5-3F1A-4B9E-9C2D-5A8F0E6D21B7}.Release|Any CPU.Build.0 = Release|Any CPU
		{2B9D6F04-8E57-4C33-A1D2-93E4F7C5A6D8}.Debug|Any CPU.ActiveCfg = Debug|Any CPU
		{2B9D6F04-8E57-4C33-A1D2-93E4F7C5A6D8}.Debug|Any CPU.Build.0 = Debug|Any CPU
		{2B9D6F04-8E57-4C33-A1D2-93E4F7C5A6D8}.Release|Any CPU.ActiveCfg = Release|Any CPU
		{2B9D6F04-8E57-4C33-A1D2-93E4F7C5A6D8}.Release|Any CPU.Build.0 = Release|Any CPU
		{B220D4E7-789F-4F55-9EAA-226CB662F0D6}.Debug|Any CPU.ActiveCfg = Debug|Any CPU
		{B220D4E7-789F-4F55-9EAA-226CB662F0D6}.Debug|Any CPU.Build.0 = Debug|Any CPU
		{B220D4E7-789F-4F55-9EAA-226CB662F0D6}.Release|Any CPU.ActiveCfg = Release|Any CPU
		{B220D4E7-789F-4F55-9EAA-226CB662F0D6}.Release|Any CPU.Build.0 = Release|Any CPU
		{C76E3122-94EC-4156-9638-408B6B0C07AE}.Debug|Any CPU.ActiveCfg = Debug|Any CPU
		{C76E3122-94EC-4156-9638-408B6B0C07AE}.Debug|Any CPU.Build.0 = Debug|Any CPU
		{C76E3122-94EC-4156-9638-408B6B0C07AE}.Release|Any CPU.ActiveCfg = Release|Any CPU
		{C76E3122-94EC-4156-9638-408B6B0C07AE}.Release|Any CPU.Build.0 = Release|Any CPU
		{43696E80-DDBB-493A-8580-0EDC88307772}.Debug|Any CPU.ActiveCfg = Debug|Any CPU
		{43696E80-DDBB-493A-8580-0EDC88307772}.Debug|Any CPU.Build.0 = Debug|Any CPU
		{43696E80-DDBB-493A-8580-0EDC88307772}.Release|Any CPU.ActiveCfg = Release|Any CPU
		{43696E80-DDBB-493A-8580-0EDC88307772}.Release|Any CPU.Build.0 = Release|Any CPU
		{9A01D66E-5097-479A-ACD8-A5CC554F34E5}.Debug|Any CPU.ActiveCfg = Debug|Any CPU
		{9A01D66E-5097-479A-ACD8-A5CC554F34E5}.Debug|Any CPU.Build.0 = Debug|Any CPU
		{9A01D66E-5097-479A-ACD8-A5CC554F34E5}.Release|Any CPU.ActiveCfg = Release|Any CPU
		{9A01D66E-5097-479A-ACD8-A5CC554F34E5}.Release|Any CPU.Build.0 = Release|Any CPU
		{93061A42-5FC0-4F48-BABD-273F6E4AA9BF}.Debug|Any CPU.ActiveCfg = Debug|Any CPU
		{93061A42-5FC0-4F48-BABD-273F6E4AA9BF}.Debug|Any CPU.Build.0 = Debug|Any CPU
		{93061A42-5FC0-4F48-BABD-273F6E4AA9BF}.Release|Any CPU.ActiveCfg = Release|Any CPU
		{93061A42-5FC0-4F48-BABD-273F6E4AA9BF}.Release|Any CPU.Build.0 = Release|Any CPU
		{03CF3A11-33EB-40BD-8073-7FBE7CCD2C60}.Debug|Any CPU.ActiveCfg = Debug|Any CPU
		{03CF3A11-33EB-40BD-8073-7FBE7CCD2C60}.Debug|Any CPU.Build.0 = Debug|Any CPU
		{03CF3A11-33EB-40BD-8073-7FBE7CCD2C60}.Release|Any CPU.ActiveCfg = Release|Any CPU
		{03CF3A11-33EB-40BD-8073-7FBE7CCD2C60}.Release|Any CPU.Build.0 = Release|Any CPU
		{D0047C3A-F0AE-405E-B25C-ACA46A1DCE6B}.Debug|Any CPU.ActiveCfg = Debug|Any CPU
		{D0047C3A-F0AE-405E-B25C-ACA46A1DCE6B}.Debug|Any CPU.Build.0 = Debug|Any CPU
		{D0047C3A-F0AE-405E-B25C-ACA46A1DCE6B}.Release|Any CPU.ActiveCfg = Release|Any CPU
		{D0047C3A-F0AE-405E-B25C-ACA46A1DCE6B}.Release|Any CPU.Build.0 = Release|Any CPU
		{9B5AC078-E7AD-499D-950C-CEB3DEE0DD34}.Debug|Any CPU.ActiveCfg = Debug|Any CPU
		{9B5AC078-E7AD-499D-950C-CEB3DEE0DD34}.Debug|Any CPU.Build.0 = Debug|Any CPU
		{9B5AC078-E7AD-499D-950C-CEB3DEE0DD34}.Release|Any CPU.ActiveCfg = Release|Any CPU
		{9B5AC078-E7AD-499D-950C-CEB3DEE0DD34}.Release|Any CPU.Build.0 = Release|Any CPU
		{FF54D4D8-16AA-497C-93A1-F213B4BAE679}.Debug|Any CPU.ActiveCfg = Debug|Any CPU
		{FF54D4D8-16AA-497C-93A1-F213B4BAE679}.Debug|Any CPU.Build.0 = Debug|Any CPU
		{FF54D4D8-16AA-497C-93A1-F213B4BAE679}.Release|Any CPU.ActiveCfg = Release|Any CPU
		{FF54D4D8-16AA-497C-93A1-F213B4BAE679}.Release|Any CPU.Build.0 = Release|Any CPU
		{6BA0AC3E-3541-435A-9588-E308CA9A2CC4}.Debug|Any CPU.ActiveCfg = Debug|Any CPU
		{6BA0AC3E-3541-435A-9588-E308CA9A2CC4}.Debug|Any CPU.Build.0 = Debug|Any CPU
		{6BA0AC3E-3541-435A-9588-E308CA9A2CC4}.Release|Any CPU.ActiveCfg = Release|Any CPU
		{6BA0AC3E-3541-435A-9588-E308CA9A2CC4}.Release|Any CPU.Build.0 = Release|Any CPU
		{97568128-01D8-4520-B000-9DE9D6ED46E1}.Debug|Any CPU.ActiveCfg = Debug|Any CPU
		{97568128-01D8-4520-B000-9DE9D6ED46E1}.Debug|Any CPU.Build.0 = Debug|Any CPU
		{97568128-01D8-4520-B000-9DE9D6ED46E1}.Release|Any CPU.ActiveCfg = Release|Any CPU
		{97568128-01D8-4520-B000-9DE9D6ED46E1}.Release|Any CPU.Build.0 = Release|Any CPU
		{349E31AA-A66A-4421-B343-37ABF1DB4DED}.Debug|Any CPU.ActiveCfg = Debug|Any CPU
		{349E31AA-A66A-4421-B343-37ABF1DB4DED}.Debug|Any CPU.Build.0 = Debug|Any CPU
		{349E31AA-A66A-4421-B343-37ABF1DB4DED}.Release|Any CPU.ActiveCfg = Release|Any CPU
		{349E31AA-A66A-4421-B343-37ABF1DB4DED}.Release|Any CPU.Build.0 = Release|Any CPU
		{EA14868C-4831-42F1-B94A-A165B2EE7779}.Debug|Any CPU.ActiveCfg = Debug|Any CPU
		{EA14868C-4831-42F1-B94A-A165B2EE7779}.Debug|Any CPU.Build.0 = Debug|Any CPU
		{EA14868C-4831-42F1-B94A-A165B2EE7779}.Release|Any CPU.ActiveCfg = Release|Any CPU
		{EA14868C-4831-42F1-B94A-A165B2EE7779}.Release|Any CPU.Build.0 = Release|Any CPU
		{53C66DD2-F48E-4BE7-9869-0A5E14ADC3EC}.Debug|Any CPU.ActiveCfg = Debug|Any CPU
		{53C66DD2-F48E-4BE7-9869-0A5E14ADC3EC}.Debug|Any CPU.Build.0 = Debug|Any CPU
		{53C66DD2-F48E-4BE7-9869-0A5E14ADC3EC}.Release|Any CPU.ActiveCfg = Release|Any CPU
		{53C66DD2-F48E-4BE7-9869-0A5E14ADC3EC}.Release|Any CPU.Build.0 = Release|Any CPU
		{5D5A8C9A-2081-4362-937C-695395D05152}.Debug|Any CPU.ActiveCfg = Debug|Any CPU
		{5D5A8C9A-2081-4362-937C-695395D05152}.Debug|Any CPU.Build.0 = Debug|Any CPU
		{5D5A8C9A-2081-4362-937C-695395D05152}.Release|Any CPU.ActiveCfg = Release|Any CPU
		{5D5A8C9A-2081-4362-937C-695395D05152}.Release|Any CPU.Build.0 = Release|Any CPU
		{D89D70BD-82B4-4126-AE3C-204CC2229F85}.Debug|Any CPU.ActiveCfg = Debug|Any CPU
		{D89D70BD-82B4-4126-AE3C-204CC2229F85}.Debug|Any CPU.Build.0 = Debug|Any CPU
		{D89D70BD-82B4-4126-AE3C-204CC2229F85}.Release|Any CPU.ActiveCfg = Release|Any CPU
		{D89D70BD-82B4-4126-AE3C-204CC2229F85}.Release|Any CPU.Build.0 = Release|Any CPU
		{B0E35A71-4431-4BD0-AB54-DE90590641EC}.Debug|Any CPU.ActiveCfg = Debug|Any CPU
		{B0E35A71-4431-4BD0-AB54-DE90590641EC}.Debug|Any CPU.Build.0 = Debug|Any CPU
		{B0E35A71-4431-4BD0-AB54-DE90590641EC}.Release|Any CPU.ActiveCfg = Release|Any CPU
		{B0E35A71-4431-4BD0-AB54-DE90590641EC}.Release|Any CPU.Build.0 = Release|Any CPU
		{84D3C588-4193-413D-BEF1-44F2E6C7B3C0}.Debug|Any CPU.ActiveCfg = Debug|Any CPU
		{84D3C588-4193-413D-BEF1-44F2E6C7B3C0}.Debug|Any CPU.Build.0 = Debug|Any CPU
		{84D3C588-4193-413D-BEF1-44F2E6C7B3C0}.Release|Any CPU.ActiveCfg = Release|Any CPU
		{84D3C588-4193-413D-BEF1-44F2E6C7B3C0}.Release|Any CPU.Build.0 = Release|Any CPU
		{27BFD577-71F3-41B5-842A-227682EAF175}.Debug|Any CPU.ActiveCfg = Debug|Any CPU
		{27BFD577-71F3-41B5-842A-227682EAF175}.Debug|Any CPU.Build.0 = Debug|Any CPU
		{27BFD577-71F3-41B5-842A-227682EAF175}.Release|Any CPU.ActiveCfg = Release|Any CPU
		{27BFD577-71F3-41B5-842A-227682EAF175}.Release|Any CPU.Build.0 = Release|Any CPU
	EndGlobalSection
	GlobalSection(SolutionProperties) = preSolution
		HideSolutionNode = FALSE
	EndGlobalSection
	GlobalSection(NestedProjects) = preSolution
		{2B9D6F04-8E57-4C33-A1D2-93E4F7C5A6D8} = {FC72C69B-01ED-43E0-9202-D3A52B9CCEEF}
		{B220D4E7-789F-4F55-9EAA-226CB662F0D6} = {8208E861-E45D-4F80-8BDD-7DF97043D61A}
		{C76E3122-94EC-4156-9638-408B6B0C07AE} = {8208E861-E45D-4F80-8BDD-7DF97043D61A}
		{43696E80-DDBB-493A-8580-0EDC88307772} = {8208E861-E45D-4F80-8BDD-7DF97043D61A}
		{9A01D66E-5097-479A-ACD8-A5CC554F34E5} = {8208E861-E45D-4F80-8BDD-7DF97043D61A}
		{93061A42-5FC0-4F48-BABD-273F6E4AA9BF} = {8208E861-E45D-4F80-8BDD-7DF97043D61A}
		{03CF3A11-33EB-40BD-8073-7FBE7CCD2C60} = {8208E861-E45D-4F80-8BDD-7DF97043D61A}
		{D0047C3A-F0AE-405E-B25C-ACA46A1DCE6B} = {8208E861-E45D-4F80-8BDD-7DF97043D61A}
		{9B5AC078-E7AD-499D-950C-CEB3DEE0DD34} = {8208E861-E45D-4F80-8BDD-7DF97043D61A}
		{FF54D4D8-16AA-497C-93A1-F213B4BAE679} = {8208E861-E45D-4F80-8BDD-7DF97043D61A}
		{6BA0AC3E-3541-435A-9588-E308CA9A2CC4} = {FC72C69B-01ED-43E0-9202-D3A52B9CCEEF}
		{97568128-01D8-4520-B000-9DE9D6ED46E1} = {FC72C69B-01ED-43E0-9202-D3A52B9CCEEF}
		{349E31AA-A66A-4421-B343-37ABF1DB4DED} = {FC72C69B-01ED-43E0-9202-D3A52B9CCEEF}
		{EA14868C-4831-42F1-B94A-A165B2EE7779} = {FC72C69B-01ED-43E0-9202-D3A52B9CCEEF}
		{53C66DD2-F48E-4BE7-9869-0A5E14ADC3EC} = {FC72C69B-01ED-43E0-9202-D3A52B9CCEEF}
		{5D5A8C9A-2081-4362-937C-695395D05152} = {FC72C69B-01ED-43E0-9202-D3A52B9CCEEF}
	EndGlobalSection
	GlobalSection(ExtensibilityGlobals) = postSolution
		SolutionGuid = {2EF94491-3D3B-4F3A-A7A4-EF5F26EF80A5}
	EndGlobalSection
EndGlobal
